Microsoft Visual Studio Solution File, Format Version 12.00
# Visual Studio Version 17
VisualStudioVersion = 17.5.2.0
MinimumVisualStudioVersion = 10.0.40219.1
Project("{FAE04EC0-301F-11D3-BF4B-00C04F79EFBC}") = "Flight-Alert-API", "Flight-Alert-API.csproj", "{1DC0ADCB-F2B0-7371-8D8E-607EB54D220D}"
EndProject
Global
	GlobalSection(SolutionConfigurationPlatforms) = preSolution
		Debug|Any CPU = Debug|Any CPU
		Release|Any CPU = Release|Any CPU
	EndGlobalSection
	GlobalSection(ProjectConfigurationPlatforms) = postSolution
		{1DC0ADCB-F2B0-7371-8D8E-607EB54D220D}.Debug|Any CPU.ActiveCfg = Debug|Any CPU
		{1DC0ADCB-F2B0-7371-8D8E-607EB54D220D}.Debug|Any CPU.Build.0 = Debug|Any CPU
		{1DC0ADCB-F2B0-7371-8D8E-607EB54D220D}.Release|Any CPU.ActiveCfg = Release|Any CPU
		{1DC0ADCB-F2B0-7371-8D8E-607EB54D220D}.Release|Any CPU.Build.0 = Release|Any CPU
	EndGlobalSection
	GlobalSection(SolutionProperties) = preSolution
		HideSolutionNode = FALSE
	EndGlobalSection
	GlobalSection(ExtensibilityGlobals) = postSolution
		SolutionGuid = {744BC3C9-4255-41FA-A1FC-25D1E098096D}
	EndGlobalSection
EndGlobal
